
Microsoft Visual Studio Solution File, Format Version 12.00
Project("{FAE04EC0-301F-11D3-BF4B-00C04F79EFBC}") = "AwaitHandleSample", "AwaitHandleSample\AwaitHandleSample.csproj", "{B7E51199-CF19-4BCA-80B9-8AF8CDA82DE5}"
EndProject
Global
	GlobalSection(SolutionConfigurationPlatforms) = preSolution
		Debug|Any CPU = Debug|Any CPU
		Release|Any CPU = Release|Any CPU
	EndGlobalSection
	GlobalSection(ProjectConfigurationPlatforms) = postSolution
		{B7E51199-CF19-4BCA-80B9-8AF8CDA82DE5}.Debug|Any CPU.ActiveCfg = Debug|Any CPU
		{B7E51199-CF19-4BCA-80B9-8AF8CDA82DE5}.Debug|Any CPU.Build.0 = Debug|Any CPU
		{B7E51199-CF19-4BCA-80B9-8AF8CDA82DE5}.Release|Any CPU.ActiveCfg = Release|Any CPU
		{B7E51199-CF19-4BCA-80B9-8AF8CDA82DE5}.Release|Any CPU.Build.0 = Release|Any CPU
	EndGlobalSection
EndGlobal
